
Microsoft Visual Studio Solution File, Format Version 12.00
# Visual Studio Version 17
VisualStudioVersion = 17.8.34511.84
MinimumVisualStudioVersion = 10.0.40219.1
Project("{FAE04EC0-301F-11D3-BF4B-00C04F79EFBC}") = "GUI", "GUI.csproj", "{15F98B01-AAF5-49FA-A264-9AB0A538C3DD}"
EndProject
Project("{FAE04EC0-301F-11D3-BF4B-00C04F79EFBC}") = "DTO", "..\DTO\DTO.csproj", "{C7836DA5-3CD7-4B4F-902D-1C5E5D44184A}"
EndProject
Project("{FAE04EC0-301F-11D3-BF4B-00C04F79EFBC}") = "DAL", "..\DAL\DAL.csproj", "{E21B56C7-C0B3-4BF0-BB19-B00CE15E5A40}"
EndProject
Project("{FAE04EC0-301F-11D3-BF4B-00C04F79EFBC}") = "BUS", "..\BUS\BUS.csproj", "{A2C16635-550B-4C83-B3FA-CC526F1923ED}"
EndProject
Global
	GlobalSection(SolutionConfigurationPlatforms) = preSolution
		Debug|Any CPU = Debug|Any CPU
		Release|Any CPU = Release|Any CPU
	EndGlobalSection
	GlobalSection(ProjectConfigurationPlatforms) = postSolution
		{15F98B01-AAF5-49FA-A264-9AB0A538C3DD}.Debug|Any CPU.ActiveCfg = Debug|Any CPU
		{15F98B01-AAF5-49FA-A264-9AB0A538C3DD}.Debug|Any CPU.Build.0 = Debug|Any CPU
		{15F98B01-AAF5-49FA-A264-9AB0A538C3DD}.Release|Any CPU.ActiveCfg = Release|Any CPU
		{15F98B01-AAF5-49FA-A264-9AB0A538C3DD}.Release|Any CPU.Build.0 = Release|Any CPU
		{C7836DA5-3CD7-4B4F-902D-1C5E5D44184A}.Debug|Any CPU.ActiveCfg = Debug|Any CPU
		{C7836DA5-3CD7-4B4F-902D-1C5E5D44184A}.Debug|Any CPU.Build.0 = Debug|Any CPU
		{C7836DA5-3CD7-4B4F-902D-1C5E5D44184A}.Release|Any CPU.ActiveCfg = Release|Any CPU
		{C7836DA5-3CD7-4B4F-902D-1C5E5D44184A}.Release|Any CPU.Build.0 = Release|Any CPU
		{E21B56C7-C0B3-4BF0-BB19-B00CE15E5A40}.Debug|Any CPU.ActiveCfg = Debug|Any CPU
		{E21B56C7-C0B3-4BF0-BB19-B00CE15E5A40}.Debug|Any CPU.Build.0 = Debug|Any CPU
		{E21B56C7-C0B3-4BF0-BB19-B00CE15E5A40}.Release|Any CPU.ActiveCfg = Release|Any CPU
		{E21B56C7-C0B3-4BF0-BB19-B00CE15E5A40}.Release|Any CPU.Build.0 = Release|Any CPU
		{A2C16635-550B-4C83-B3FA-CC526F1923ED}.Debug|Any CPU.ActiveCfg = Debug|Any CPU
		{A2C16635-550B-4C83-B3FA-CC526F1923ED}.Debug|Any CPU.Build.0 = Debug|Any CPU
		{A2C16635-550B-4C83-B3FA-CC526F1923ED}.Release|Any CPU.ActiveCfg = Release|Any CPU
		{A2C16635-550B-4C83-B3FA-CC526F1923ED}.Release|Any CPU.Build.0 = Release|Any CPU
	EndGlobalSection
	GlobalSection(SolutionProperties) = preSolution
		HideSolutionNode = FALSE
	EndGlobalSection
	GlobalSection(ExtensibilityGlobals) = postSolution
		SolutionGuid = {C4E22D0A-B3C1-45B1-B075-760668AC6234}
	EndGlobalSection
EndGlobal
