
Microsoft Visual Studio Solution File, Format Version 12.00
# Visual Studio Version 17
VisualStudioVersion = 17.8.34511.84
MinimumVisualStudioVersion = 10.0.40219.1
Project("{FAE04EC0-301F-11D3-BF4B-00C04F79EFBC}") = "WinFormsApp2", "WinFormsApp2\WinFormsApp2.csproj", "{FD2C0C58-B1B4-48EC-A612-7F6B96CBEAAE}"
EndProject
Global
	GlobalSection(SolutionConfigurationPlatforms) = preSolution
		Debug|Any CPU = Debug|Any CPU
		Release|Any CPU = Release|Any CPU
	EndGlobalSection
	GlobalSection(ProjectConfigurationPlatforms) = postSolution
		{FD2C0C58-B1B4-48EC-A612-7F6B96CBEAAE}.Debug|Any CPU.ActiveCfg = Debug|Any CPU
		{FD2C0C58-B1B4-48EC-A612-7F6B96CBEAAE}.Debug|Any CPU.Build.0 = Debug|Any CPU
		{FD2C0C58-B1B4-48EC-A612-7F6B96CBEAAE}.Release|Any CPU.ActiveCfg = Release|Any CPU
		{FD2C0C58-B1B4-48EC-A612-7F6B96CBEAAE}.Release|Any CPU.Build.0 = Release|Any CPU
	EndGlobalSection
	GlobalSection(SolutionProperties) = preSolution
		HideSolutionNode = FALSE
	EndGlobalSection
	GlobalSection(ExtensibilityGlobals) = postSolution
		SolutionGuid = {9757D5B9-FCAD-4AA3-9EC4-5B2A26DAA9D3}
	EndGlobalSection
EndGlobal
