
Microsoft Visual Studio Solution File, Format Version 12.00
# Visual Studio Version 17
VisualStudioVersion = 17.8.34511.84
MinimumVisualStudioVersion = 10.0.40219.1
Project("{FAE04EC0-301F-11D3-BF4B-00C04F79EFBC}") = "Lab7", "Lab7\Lab7.csproj", "{BFC053DC-6593-434A-8340-8AD8A3E53769}"
EndProject
Global
	GlobalSection(SolutionConfigurationPlatforms) = preSolution
		Debug|Any CPU = Debug|Any CPU
		Release|Any CPU = Release|Any CPU
	EndGlobalSection
	GlobalSection(ProjectConfigurationPlatforms) = postSolution
		{BFC053DC-6593-434A-8340-8AD8A3E53769}.Debug|Any CPU.ActiveCfg = Debug|Any CPU
		{BFC053DC-6593-434A-8340-8AD8A3E53769}.Debug|Any CPU.Build.0 = Debug|Any CPU
		{BFC053DC-6593-434A-8340-8AD8A3E53769}.Release|Any CPU.ActiveCfg = Release|Any CPU
		{BFC053DC-6593-434A-8340-8AD8A3E53769}.Release|Any CPU.Build.0 = Release|Any CPU
	EndGlobalSection
	GlobalSection(SolutionProperties) = preSolution
		HideSolutionNode = FALSE
	EndGlobalSection
	GlobalSection(ExtensibilityGlobals) = postSolution
		SolutionGuid = {ED72774A-589B-4110-9DAD-56CD98DE45B6}
	EndGlobalSection
EndGlobal
